<?xml version="1.0" encoding="utf-8"?>
<Project ToolsVersion="17.0" xmlns="http://schemas.microsoft.com/developer/msbuild/2003">
  <ItemGroup>
    <CustomBuild Include="C:\Users\User\Desktop\Vahe\smart-pointers\build\CMakeFiles\637ed48a57471317a3cd2d11368cc0af\generate.stamp.rule">
      <Filter>CMake Rules</Filter>
    </CustomBuild>
  </ItemGroup>
  <ItemGroup>
    <Filter Include="CMake Rules">
      <UniqueIdentifier>{0D501502-8919-31AC-BE9D-76DFAC92070D}</UniqueIdentifier>
    </Filter>
  </ItemGroup>
</Project>
